{
    "_meta": {
        "hash": {
            "sha256": "15098f83815d0ef8af226cb5e55927add54b755bf1ef91abcd2809d3b7d6fb4a"
        },
        "host-environment-markers": {
            "implementation_name": "cpython",
            "implementation_version": "3.6.3",
            "os_name": "posix",
            "platform_machine": "x86_64",
            "platform_python_implementation": "CPython",
            "platform_release": "4.13.0-32-generic",
            "platform_system": "Linux",
            "platform_version": "#35~16.04.1-Ubuntu SMP Thu Jan 25 10:13:43 UTC 2018",
            "python_full_version": "3.6.3",
            "python_version": "3.6",
            "sys_platform": "linux"
        },
        "pipfile-spec": 6,
        "requires": {
            "python_version": "3.6"
        },
        "sources": [
            {
                "name": "pypi",
                "url": "https://pypi.python.org/simple",
                "verify_ssl": true
            }
        ]
    },
    "default": {
        "apscheduler": {
            "hashes": [],
            "version": "==3.5.1"
        },
        "argparse": {
            "hashes": [],
            "version": "==1.4.0"
        },
        "certifi": {
            "hashes": [],
            "version": "==2018.1.18"
        },
        "chardet": {
            "hashes": [],
            "version": "==3.0.4"
        },
        "configparser": {
            "hashes": [],
            "version": "==3.5.0"
        },
        "dateutils": {
            "hashes": [],
            "version": "==0.6.6"
        },
        "dj-database-url": {
            "hashes": [],
            "version": "==0.4.2"
        },
        "django": {
            "hashes": [],
            "version": "==2.0.2"
        },
        "gunicorn": {
            "hashes": [],
            "version": "==19.7.1"
        },
        "idna": {
            "hashes": [],
            "version": "==2.6"
        },
        "psycopg2": {
            "hashes": [],
            "version": "==2.7.4"
        },
        "psycopg2-binary": {
            "hashes": [],
            "version": "==2.7.4"
        },
        "python-dateutil": {
            "hashes": [],
            "version": "==2.6.1"
        },
        "pytz": {
            "hashes": [],
            "version": "==2018.3"
        },
        "requests": {
            "hashes": [],
            "version": "==2.18.4"
        },
        "simplejson": {
            "hashes": [],
            "version": "==3.13.2"
        },
        "six": {
            "hashes": [],
            "version": "==1.11.0"
        },
        "tzlocal": {
            "hashes": [],
            "version": "==1.5.1"
        },
        "urllib3": {
            "hashes": [],
            "version": "==1.22"
        },
        "whitenoise": {
            "hashes": [],
            "version": "==3.3.1"
        }
    },
    "develop": {}
}
